Microsoft Visual Studio Solution File, Format Version 12.00
# Visual Studio Version 16
VisualStudioVersion = 16.0.29709.97
MinimumVisualStudioVersion = 10.0.40219.1
Project("{FAE04EC0-301F-11D3-BF4B-00C04F79EFBC}") = "EnterpriseWechat", "EnterpriseWechat\EnterpriseWechat.csproj", "{638B84DB-CD10-4AA1-9BDE-B51D9DB373E7}"
EndProject
Project("{9A19103F-16F7-4668-BE54-9A1E7A4F7556}") = "System.Net.Extensions", "..\..\Extensions\src\System.Net.Extensions\System.Net.Extensions.csproj", "{CBB92246-A7BE-4DE2-A0F9-721F8B46F30B}"
EndProject
Project("{9A19103F-16F7-4668-BE54-9A1E7A4F7556}") = "System.Extensions", "..\..\Extensions\src\System.Extensions\System.Extensions.csproj", "{DA10DC65-C095-4FF5-AEAB-3856CB755061}"
EndProject
Project("{9A19103F-16F7-4668-BE54-9A1E7A4F7556}") = "EnterpriseWechat.XUnitTest", "EnterpriseWechat.XUnitTest\EnterpriseWechat.XUnitTest.csproj", "{A1C09624-1A75-403F-98A6-62566C5A7932}"
EndProject
Project("{FAE04EC0-301F-11D3-BF4B-00C04F79EFBC}") = "EnterpriseWechat.InternalDevelopment", "EnterpriseWechat.InternalDevelopment\EnterpriseWechat.InternalDevelopment.csproj", "{773E4653-3A30-4A37-91D9-CA8F8C085750}"
EndProject
Project("{FAE04EC0-301F-11D3-BF4B-00C04F79EFBC}") = "EnterpriseWechat.ThirdpartyDevelopment", "EnterpriseWechat.ThirdpartyDevelopment\EnterpriseWechat.ThirdpartyDevelopment.csproj", "{FE07F55B-888A-4EB3-A1E5-E733CBDFFF61}"
EndProject
Global
	GlobalSection(SolutionConfigurationPlatforms) = preSolution
		Debug|Any CPU = Debug|Any CPU
		Release|Any CPU = Release|Any CPU
	EndGlobalSection
	GlobalSection(ProjectConfigurationPlatforms) = postSolution
		{638B84DB-CD10-4AA1-9BDE-B51D9DB373E7}.Debug|Any CPU.ActiveCfg = Debug|Any CPU
		{638B84DB-CD10-4AA1-9BDE-B51D9DB373E7}.Debug|Any CPU.Build.0 = Debug|Any CPU
		{638B84DB-CD10-4AA1-9BDE-B51D9DB373E7}.Release|Any CPU.ActiveCfg = Release|Any CPU
		{638B84DB-CD10-4AA1-9BDE-B51D9DB373E7}.Release|Any CPU.Build.0 = Release|Any CPU
		{CBB92246-A7BE-4DE2-A0F9-721F8B46F30B}.Debug|Any CPU.ActiveCfg = Debug|Any CPU
		{CBB92246-A7BE-4DE2-A0F9-721F8B46F30B}.Debug|Any CPU.Build.0 = Debug|Any CPU
		{CBB92246-A7BE-4DE2-A0F9-721F8B46F30B}.Release|Any CPU.ActiveCfg = Release|Any CPU
		{CBB92246-A7BE-4DE2-A0F9-721F8B46F30B}.Release|Any CPU.Build.0 = Release|Any CPU
		{DA10DC65-C095-4FF5-AEAB-3856CB755061}.Debug|Any CPU.ActiveCfg = Debug|Any CPU
		{DA10DC65-C095-4FF5-AEAB-3856CB755061}.Debug|Any CPU.Build.0 = Debug|Any CPU
		{DA10DC65-C095-4FF5-AEAB-3856CB755061}.Release|Any CPU.ActiveCfg = Release|Any CPU
		{DA10DC65-C095-4FF5-AEAB-3856CB755061}.Release|Any CPU.Build.0 = Release|Any CPU
		{A1C09624-1A75-403F-98A6-62566C5A7932}.Debug|Any CPU.ActiveCfg = Debug|Any CPU
		{A1C09624-1A75-403F-98A6-62566C5A7932}.Debug|Any CPU.Build.0 = Debug|Any CPU
		{A1C09624-1A75-403F-98A6-62566C5A7932}.Release|Any CPU.ActiveCfg = Release|Any CPU
		{A1C09624-1A75-403F-98A6-62566C5A7932}.Release|Any CPU.Build.0 = Release|Any CPU
		{773E4653-3A30-4A37-91D9-CA8F8C085750}.Debug|Any CPU.ActiveCfg = Debug|Any CPU
		{773E4653-3A30-4A37-91D9-CA8F8C085750}.Debug|Any CPU.Build.0 = Debug|Any CPU
		{773E4653-3A30-4A37-91D9-CA8F8C085750}.Release|Any CPU.ActiveCfg = Release|Any CPU
		{773E4653-3A30-4A37-91D9-CA8F8C085750}.Release|Any CPU.Build.0 = Release|Any CPU
		{FE07F55B-888A-4EB3-A1E5-E733CBDFFF61}.Debug|Any CPU.ActiveCfg = Debug|Any CPU
		{FE07F55B-888A-4EB3-A1E5-E733CBDFFF61}.Debug|Any CPU.Build.0 = Debug|Any CPU
		{FE07F55B-888A-4EB3-A1E5-E733CBDFFF61}.Release|Any CPU.ActiveCfg = Release|Any CPU
		{FE07F55B-888A-4EB3-A1E5-E733CBDFFF61}.Release|Any CPU.Build.0 = Release|Any CPU
	EndGlobalSection
	GlobalSection(SolutionProperties) = preSolution
		HideSolutionNode = FALSE
	EndGlobalSection
	GlobalSection(ExtensibilityGlobals) = postSolution
		SolutionGuid = {66791EE1-5C92-40F0-9FE1-3431CBF8D1EB}
	EndGlobalSection
EndGlobal
