
Microsoft Visual Studio Solution File, Format Version 12.00
# Visual Studio 15
Project("{FAE04EC0-301F-11D3-BF4B-00C04F79EFBC}") = "EnterpriseWechat", "EnterpriseWechat\EnterpriseWechat.csproj", "{B705A56D-DD65-4D80-A0E0-74F0FCBFF07D}"
EndProject
Global
	GlobalSection(SolutionConfigurationPlatforms) = preSolution
		Debug|Any CPU = Debug|Any CPU
		Release|Any CPU = Release|Any CPU
	EndGlobalSection
	GlobalSection(ProjectConfigurationPlatforms) = postSolution
		{B705A56D-DD65-4D80-A0E0-74F0FCBFF07D}.Debug|Any CPU.ActiveCfg = Debug|Any CPU
		{B705A56D-DD65-4D80-A0E0-74F0FCBFF07D}.Debug|Any CPU.Build.0 = Debug|Any CPU
		{B705A56D-DD65-4D80-A0E0-74F0FCBFF07D}.Release|Any CPU.ActiveCfg = Release|Any CPU
		{B705A56D-DD65-4D80-A0E0-74F0FCBFF07D}.Release|Any CPU.Build.0 = Release|Any CPU
	EndGlobalSection
EndGlobal
